// !$*UTF8*$!
{
	archiveVersion = 1;
	classes = {
	};
	objectVersion = 77;
	objects = {

/* Begin PBXBuildFile section */
		AEF8F1052F5B000100000000 /* AppUI in Frameworks */ = {isa = PBXBuildFile; productRef = AEF8F1012F5B000100000000 /* AppUI */; };
		AEF8F1072F5B000100000000 /* AppUI in Frameworks */ = {isa = PBXBuildFile; productRef = AEF8F1032F5B000100000000 /* AppUI */; };
		AEF8F1082F5B000100000000 /* APIInfra in Frameworks */ = {isa = PBXBuildFile; productRef = AEF8F1042F5B000100000000 /* APIInfra */; };
/* End PBXBuildFile section */

/* Begin PBXContainerItemProxy section */
		AD19205E2EE93B24003D202B /* PBXContainerItemProxy */ = {
			isa = PBXContainerItemProxy;
			containerPortal = AD3AB1202EE908BD00D5376D /* Project object */;
			proxyType = 1;
			remoteGlobalIDString = AD3AB1272EE908BD00D5376D;
			remoteInfo = SwiftOpenAPIGeneratorExample;
		};
/* End PBXContainerItemProxy section */

/* Begin PBXFileReference section */
		AD19205A2EE93B24003D202B /* SwiftOpenAPIGeneratorExampleTests.xctest */ = {isa = PBXFileReference; explicitFileType = wrapper.cfbundle; includeInIndex = 0; path = SwiftOpenAPIGeneratorExampleTests.xctest; sourceTree = BUILT_PRODUCTS_DIR; };
		AD3AB1282EE908BD00D5376D /* SwiftOpenAPIGeneratorExample.app */ = {isa = PBXFileReference; explicitFileType = wrapper.application; includeInIndex = 0; path = SwiftOpenAPIGeneratorExample.app; sourceTree = BUILT_PRODUCTS_DIR; };
		AFD05F012F2A0A5000AAA001 /* Development.xcconfig */ = {isa = PBXFileReference; lastKnownFileType = text.xcconfig; path = Development.xcconfig; sourceTree = "<group>"; };
		AFD05F022F2A0A5000AAA002 /* Release.xcconfig */ = {isa = PBXFileReference; lastKnownFileType = text.xcconfig; path = Release.xcconfig; sourceTree = "<group>"; };
/* End PBXFileReference section */

/* Begin PBXFileSystemSynchronizedRootGroup section */
		AD19205B2EE93B24003D202B /* SwiftOpenAPIGeneratorExampleTests */ = {
			isa = PBXFileSystemSynchronizedRootGroup;
			path = SwiftOpenAPIGeneratorExampleTests;
			sourceTree = "<group>";
		};
		AD3AB12A2EE908BD00D5376D /* SwiftOpenAPIGeneratorExample */ = {
			isa = PBXFileSystemSynchronizedRootGroup;
			path = SwiftOpenAPIGeneratorExample;
			sourceTree = "<group>";
		};
/* End PBXFileSystemSynchronizedRootGroup section */

/* Begin PBXFrameworksBuildPhase section */
		AD1920572EE93B24003D202B /* Frameworks */ = {
			isa = PBXFrameworksBuildPhase;
			buildActionMask = 2147483647;
			files = (
				AEF8F1072F5B000100000000 /* AppUI in Frameworks */,
				AEF8F1082F5B000100000000 /* APIInfra in Frameworks */,
			);
			runOnlyForDeploymentPostprocessing = 0;
		};
		AD3AB1252EE908BD00D5376D /* Frameworks */ = {
			isa = PBXFrameworksBuildPhase;
			buildActionMask = 2147483647;
			files = (
				AEF8F1052F5B000100000000 /* AppUI in Frameworks */,
			);
			runOnlyForDeploymentPostprocessing = 0;
		};
/* End PBXFrameworksBuildPhase section */

/* Begin PBXGroup section */
		AD3AB11F2EE908BD00D5376D = {
			isa = PBXGroup;
			children = (
				AD3AB12A2EE908BD00D5376D /* SwiftOpenAPIGeneratorExample */,
				AD19205B2EE93B24003D202B /* SwiftOpenAPIGeneratorExampleTests */,
				AFD05F002F2A0A5000AAA000 /* Config */,
				AD3AB1292EE908BD00D5376D /* Products */,
			);
			sourceTree = "<group>";
		};
		AD3AB1292EE908BD00D5376D /* Products */ = {
			isa = PBXGroup;
			children = (
				AD3AB1282EE908BD00D5376D /* SwiftOpenAPIGeneratorExample.app */,
				AD19205A2EE93B24003D202B /* SwiftOpenAPIGeneratorExampleTests.xctest */,
			);
			name = Products;
			sourceTree = "<group>";
		};
		AFD05F002F2A0A5000AAA000 /* Config */ = {
			isa = PBXGroup;
			children = (
				AFD05F012F2A0A5000AAA001 /* Development.xcconfig */,
				AFD05F022F2A0A5000AAA002 /* Release.xcconfig */,
			);
			path = Config;
			sourceTree = "<group>";
		};
/* End PBXGroup section */

/* Begin PBXNativeTarget section */
		AD1920592EE93B24003D202B /* SwiftOpenAPIGeneratorExampleTests */ = {
			isa = PBXNativeTarget;
			buildConfigurationList = AD1920602EE93B24003D202B /* Build configuration list for PBXNativeTarget "SwiftOpenAPIGeneratorExampleTests" */;
			buildPhases = (
				AD1920562EE93B24003D202B /* Sources */,
				AD1920572EE93B24003D202B /* Frameworks */,
				AD1920582EE93B24003D202B /* Resources */,
			);
			buildRules = (
			);
			dependencies = (
				AD19205F2EE93B24003D202B /* PBXTargetDependency */,
			);
			fileSystemSynchronizedGroups = (
				AD19205B2EE93B24003D202B /* SwiftOpenAPIGeneratorExampleTests */,
			);
			name = SwiftOpenAPIGeneratorExampleTests;
			packageProductDependencies = (
				AEF8F1032F5B000100000000 /* AppUI */,
				AEF8F1042F5B000100000000 /* APIInfra */,
			);
			productName = SwiftOpenAPIGeneratorExampleTests;
			productReference = AD19205A2EE93B24003D202B /* SwiftOpenAPIGeneratorExampleTests.xctest */;
			productType = "com.apple.product-type.bundle.unit-test";
		};
		AD3AB1272EE908BD00D5376D /* SwiftOpenAPIGeneratorExample */ = {
			isa = PBXNativeTarget;
			buildConfigurationList = AD3AB1332EE908BF00D5376D /* Build configuration list for PBXNativeTarget "SwiftOpenAPIGeneratorExample" */;
			buildPhases = (
				AD3AB1242EE908BD00D5376D /* Sources */,
				AD3AB1252EE908BD00D5376D /* Frameworks */,
				AD3AB1262EE908BD00D5376D /* Resources */,
			);
			buildRules = (
			);
			dependencies = (
			);
			fileSystemSynchronizedGroups = (
				AD3AB12A2EE908BD00D5376D /* SwiftOpenAPIGeneratorExample */,
			);
			name = SwiftOpenAPIGeneratorExample;
			packageProductDependencies = (
				AEF8F1012F5B000100000000 /* AppUI */,
			);
			productName = SwiftOpenAPIGeneratorExample;
			productReference = AD3AB1282EE908BD00D5376D /* SwiftOpenAPIGeneratorExample.app */;
			productType = "com.apple.product-type.application";
		};
/* End PBXNativeTarget section */

/* Begin PBXProject section */
		AD3AB1202EE908BD00D5376D /* Project object */ = {
			isa = PBXProject;
			attributes = {
				BuildIndependentTargetsInParallel = 1;
				LastSwiftUpdateCheck = 2610;
				LastUpgradeCheck = 2610;
				TargetAttributes = {
					AD1920592EE93B24003D202B = {
						CreatedOnToolsVersion = 26.1.1;
						TestTargetID = AD3AB1272EE908BD00D5376D;
					};
					AD3AB1272EE908BD00D5376D = {
						CreatedOnToolsVersion = 26.1.1;
					};
				};
			};
			buildConfigurationList = AD3AB1232EE908BD00D5376D /* Build configuration list for PBXProject "SwiftOpenAPIGeneratorExample" */;
			developmentRegion = en;
			hasScannedForEncodings = 0;
			knownRegions = (
				en,
				Base,
			);
			mainGroup = AD3AB11F2EE908BD00D5376D;
			minimizedProjectReferenceProxies = 1;
			packageReferences = (
				ADE47D8D2EE90A30000D20C2 /* XCRemoteSwiftPackageReference "swift-openapi-runtime" */,
				ADE47D902EE90ABD000D20C2 /* XCRemoteSwiftPackageReference "swift-openapi-urlsession" */,
				ADE47DAF2EE90CF9000D20C2 /* XCRemoteSwiftPackageReference "swift-openapi-generator" */,
				AE6C4E232EF0AA0000BEE000 /* XCRemoteSwiftPackageReference "swift-http-types" */,
				AEF8F1002F5B000100000000 /* XCLocalSwiftPackageReference "Modules" */,
			);
			preferredProjectObjectVersion = 77;
			productRefGroup = AD3AB1292EE908BD00D5376D /* Products */;
			projectDirPath = "";
			projectRoot = "";
			targets = (
				AD3AB1272EE908BD00D5376D /* SwiftOpenAPIGeneratorExample */,
				AD1920592EE93B24003D202B /* SwiftOpenAPIGeneratorExampleTests */,
			);
		};
/* End PBXProject section */

/* Begin PBXResourcesBuildPhase section */
		AD1920582EE93B24003D202B /* Resources */ = {
			isa = PBXResourcesBuildPhase;
			buildActionMask = 2147483647;
			files = (
			);
			runOnlyForDeploymentPostprocessing = 0;
		};
		AD3AB1262EE908BD00D5376D /* Resources */ = {
			isa = PBXResourcesBuildPhase;
			buildActionMask = 2147483647;
			files = (
			);
			runOnlyForDeploymentPostprocessing = 0;
		};
/* End PBXResourcesBuildPhase section */

/* Begin PBXSourcesBuildPhase section */
		AD1920562EE93B24003D202B /* Sources */ = {
			isa = PBXSourcesBuildPhase;
			buildActionMask = 2147483647;
			files = (
			);
			runOnlyForDeploymentPostprocessing = 0;
		};
		AD3AB1242EE908BD00D5376D /* Sources */ = {
			isa = PBXSourcesBuildPhase;
			buildActionMask = 2147483647;
			files = (
			);
			runOnlyForDeploymentPostprocessing = 0;
		};
/* End PBXSourcesBuildPhase section */

/* Begin PBXTargetDependency section */
		AD19205F2EE93B24003D202B /* PBXTargetDependency */ = {
			isa = PBXTargetDependency;
			target = AD3AB1272EE908BD00D5376D /* SwiftOpenAPIGeneratorExample */;
			targetProxy = AD19205E2EE93B24003D202B /* PBXContainerItemProxy */;
		};
/* End PBXTargetDependency section */

/* Begin XCBuildConfiguration section */
		AD1920622EE93B24003D202B /* Development */ = {
			isa = XCBuildConfiguration;
			baseConfigurationReference = AFD05F012F2A0A5000AAA001 /* Development.xcconfig */;
			buildSettings = {
				BUNDLE_LOADER = "$(TEST_HOST)";
				CODE_SIGN_STYLE = Automatic;
				CURRENT_PROJECT_VERSION = 1;
				GENERATE_INFOPLIST_FILE = YES;
				IPHONEOS_DEPLOYMENT_TARGET = 26.1;
				MACOSX_DEPLOYMENT_TARGET = 26.1;
				MARKETING_VERSION = 1.0;
				PRODUCT_BUNDLE_IDENTIFIER = com.sangku.SwiftOpenAPIGeneratorExampleTests;
				PRODUCT_NAME = "$(TARGET_NAME)";
				SDKROOT = auto;
				STRING_CATALOG_GENERATE_SYMBOLS = NO;
				SUPPORTED_PLATFORMS = "iphoneos iphonesimulator";
				SUPPORTS_MACCATALYST = NO;
				SWIFT_APPROACHABLE_CONCURRENCY = YES;
				SWIFT_EMIT_LOC_STRINGS = NO;
				SWIFT_UPCOMING_FEATURE_MEMBER_IMPORT_VISIBILITY = YES;
				SWIFT_VERSION = 5.0;
				TARGETED_DEVICE_FAMILY = 1;
				TEST_HOST = "$(BUILT_PRODUCTS_DIR)/SwiftOpenAPIGeneratorExample.app/$(BUNDLE_EXECUTABLE_FOLDER_PATH)/SwiftOpenAPIGeneratorExample";
				XROS_DEPLOYMENT_TARGET = 26.1;
			};
			name = Development;
		};
		AD1920632EE93B24003D202B /* Release */ = {
			isa = XCBuildConfiguration;
			baseConfigurationReference = AFD05F022F2A0A5000AAA002 /* Release.xcconfig */;
			buildSettings = {
				BUNDLE_LOADER = "$(TEST_HOST)";
				CODE_SIGN_STYLE = Automatic;
				CURRENT_PROJECT_VERSION = 1;
				GENERATE_INFOPLIST_FILE = YES;
				IPHONEOS_DEPLOYMENT_TARGET = 26.1;
				MACOSX_DEPLOYMENT_TARGET = 26.1;
				MARKETING_VERSION = 1.0;
				PRODUCT_BUNDLE_IDENTIFIER = com.sangku.SwiftOpenAPIGeneratorExampleTests;
				PRODUCT_NAME = "$(TARGET_NAME)";
				SDKROOT = auto;
				STRING_CATALOG_GENERATE_SYMBOLS = NO;
				SUPPORTED_PLATFORMS = "iphoneos iphonesimulator";
				SUPPORTS_MACCATALYST = NO;
				SWIFT_APPROACHABLE_CONCURRENCY = YES;
				SWIFT_EMIT_LOC_STRINGS = NO;
				SWIFT_UPCOMING_FEATURE_MEMBER_IMPORT_VISIBILITY = YES;
				SWIFT_VERSION = 5.0;
				TARGETED_DEVICE_FAMILY = 1;
				TEST_HOST = "$(BUILT_PRODUCTS_DIR)/SwiftOpenAPIGeneratorExample.app/$(BUNDLE_EXECUTABLE_FOLDER_PATH)/SwiftOpenAPIGeneratorExample";
				XROS_DEPLOYMENT_TARGET = 26.1;
			};
			name = Release;
		};
		AD3AB1322EE908BF00D5376D /* Release */ = {
			isa = XCBuildConfiguration;
			baseConfigurationReference = AFD05F022F2A0A5000AAA002 /* Release.xcconfig */;
			buildSettings = {
				ALWAYS_SEARCH_USER_PATHS = NO;
				ASSETCATALOG_COMPILER_GENERATE_SWIFT_ASSET_SYMBOL_EXTENSIONS = YES;
				CLANG_ANALYZER_NONNULL = YES;
				CLANG_ANALYZER_NUMBER_OBJECT_CONVERSION = YES_AGGRESSIVE;
				CLANG_CXX_LANGUAGE_STANDARD = "gnu++20";
				CLANG_ENABLE_MODULES = YES;
				CLANG_ENABLE_OBJC_ARC = YES;
				CLANG_ENABLE_OBJC_WEAK = YES;
				CLANG_WARN_BLOCK_CAPTURE_AUTORELEASING = YES;
				CLANG_WARN_BOOL_CONVERSION = YES;
				CLANG_WARN_COMMA = YES;
				CLANG_WARN_CONSTANT_CONVERSION = YES;
				CLANG_WARN_DEPRECATED_OBJC_IMPLEMENTATIONS = YES;
				CLANG_WARN_DIRECT_OBJC_ISA_USAGE = YES_ERROR;
				CLANG_WARN_DOCUMENTATION_COMMENTS = YES;
				CLANG_WARN_EMPTY_BODY = YES;
				CLANG_WARN_ENUM_CONVERSION = YES;
				CLANG_WARN_INFINITE_RECURSION = YES;
				CLANG_WARN_INT_CONVERSION = YES;
				CLANG_WARN_NON_LITERAL_NULL_CONVERSION = YES;
				CLANG_WARN_OBJC_IMPLICIT_RETAIN_SELF = YES;
				CLANG_WARN_OBJC_LITERAL_CONVERSION = YES;
				CLANG_WARN_OBJC_ROOT_CLASS = YES_ERROR;
				CLANG_WARN_QUOTED_INCLUDE_IN_FRAMEWORK_HEADER = YES;
				CLANG_WARN_RANGE_LOOP_ANALYSIS = YES;
				CLANG_WARN_STRICT_PROTOTYPES = YES;
				CLANG_WARN_SUSPICIOUS_MOVE = YES;
				CLANG_WARN_UNGUARDED_AVAILABILITY = YES_AGGRESSIVE;
				CLANG_WARN_UNREACHABLE_CODE = YES;
				CLANG_WARN__DUPLICATE_METHOD_MATCH = YES;
				COPY_PHASE_STRIP = NO;
				DEBUG_INFORMATION_FORMAT = "dwarf-with-dsym";
				ENABLE_NS_ASSERTIONS = NO;
				ENABLE_STRICT_OBJC_MSGSEND = YES;
				ENABLE_USER_SCRIPT_SANDBOXING = YES;
				GCC_C_LANGUAGE_STANDARD = gnu17;
				GCC_NO_COMMON_BLOCKS = YES;
				GCC_WARN_64_TO_32_BIT_CONVERSION = YES;
				GCC_WARN_ABOUT_RETURN_TYPE = YES_ERROR;
				GCC_WARN_UNDECLARED_SELECTOR = YES;
				GCC_WARN_UNINITIALIZED_AUTOS = YES_AGGRESSIVE;
				GCC_WARN_UNUSED_FUNCTION = YES;
				GCC_WARN_UNUSED_VARIABLE = YES;
				LOCALIZATION_PREFERS_STRING_CATALOGS = YES;
				MTL_ENABLE_DEBUG_INFO = NO;
				MTL_FAST_MATH = YES;
				SWIFT_COMPILATION_MODE = wholemodule;
			};
			name = Release;
		};
		AD3AB1352EE908BF00D5376D /* Release */ = {
			isa = XCBuildConfiguration;
			baseConfigurationReference = AFD05F022F2A0A5000AAA002 /* Release.xcconfig */;
			buildSettings = {
				ASSETCATALOG_COMPILER_APPICON_NAME = AppIcon;
				ASSETCATALOG_COMPILER_GLOBAL_ACCENT_COLOR_NAME = AccentColor;
				CODE_SIGN_STYLE = Automatic;
				CURRENT_PROJECT_VERSION = 1;
				ENABLE_APP_SANDBOX = YES;
				ENABLE_PREVIEWS = YES;
				ENABLE_USER_SELECTED_FILES = readonly;
				GENERATE_INFOPLIST_FILE = YES;
				"INFOPLIST_KEY_UIApplicationSceneManifest_Generation[sdk=iphoneos*]" = YES;
				"INFOPLIST_KEY_UIApplicationSceneManifest_Generation[sdk=iphonesimulator*]" = YES;
				"INFOPLIST_KEY_UIApplicationSupportsIndirectInputEvents[sdk=iphoneos*]" = YES;
				"INFOPLIST_KEY_UIApplicationSupportsIndirectInputEvents[sdk=iphonesimulator*]" = YES;
				"INFOPLIST_KEY_UILaunchScreen_Generation[sdk=iphoneos*]" = YES;
				"INFOPLIST_KEY_UILaunchScreen_Generation[sdk=iphonesimulator*]" = YES;
				"INFOPLIST_KEY_UIStatusBarStyle[sdk=iphoneos*]" = UIStatusBarStyleDefault;
				"INFOPLIST_KEY_UIStatusBarStyle[sdk=iphonesimulator*]" = UIStatusBarStyleDefault;
				INFOPLIST_KEY_UISupportedInterfaceOrientations_iPad = "UIInterfaceOrientationPortrait UIInterfaceOrientationPortraitUpsideDown UIInterfaceOrientationLandscapeLeft UIInterfaceOrientationLandscapeRight";
				INFOPLIST_KEY_UISupportedInterfaceOrientations_iPhone = "UIInterfaceOrientationPortrait UIInterfaceOrientationLandscapeLeft UIInterfaceOrientationLandscapeRight";
				IPHONEOS_DEPLOYMENT_TARGET = 26.1;
				LD_RUNPATH_SEARCH_PATHS = "@executable_path/Frameworks";
				"LD_RUNPATH_SEARCH_PATHS[sdk=macosx*]" = "@executable_path/../Frameworks";
				MACOSX_DEPLOYMENT_TARGET = 26.1;
				MARKETING_VERSION = 1.0;
				PRODUCT_BUNDLE_IDENTIFIER = com.sangku.SwiftOpenAPIGeneratorExample;
				PRODUCT_NAME = "$(TARGET_NAME)";
				REGISTER_APP_GROUPS = YES;
				SDKROOT = auto;
				STRING_CATALOG_GENERATE_SYMBOLS = YES;
				SUPPORTED_PLATFORMS = "iphoneos iphonesimulator";
				SUPPORTS_MACCATALYST = NO;
				SWIFT_APPROACHABLE_CONCURRENCY = YES;
				SWIFT_DEFAULT_ACTOR_ISOLATION = MainActor;
				SWIFT_EMIT_LOC_STRINGS = YES;
				SWIFT_UPCOMING_FEATURE_MEMBER_IMPORT_VISIBILITY = YES;
				SWIFT_VERSION = 5.0;
				TARGETED_DEVICE_FAMILY = 1;
				XROS_DEPLOYMENT_TARGET = 26.1;
			};
			name = Release;
		};
		AF76D9042F1C7C0A00B12345 /* Development */ = {
			isa = XCBuildConfiguration;
			baseConfigurationReference = AFD05F012F2A0A5000AAA001 /* Development.xcconfig */;
			buildSettings = {
				ALWAYS_SEARCH_USER_PATHS = NO;
				ASSETCATALOG_COMPILER_GENERATE_SWIFT_ASSET_SYMBOL_EXTENSIONS = YES;
				CLANG_ANALYZER_NONNULL = YES;
				CLANG_ANALYZER_NUMBER_OBJECT_CONVERSION = YES_AGGRESSIVE;
				CLANG_CXX_LANGUAGE_STANDARD = "gnu++20";
				CLANG_ENABLE_MODULES = YES;
				CLANG_ENABLE_OBJC_ARC = YES;
				CLANG_ENABLE_OBJC_WEAK = YES;
				CLANG_WARN_BLOCK_CAPTURE_AUTORELEASING = YES;
				CLANG_WARN_BOOL_CONVERSION = YES;
				CLANG_WARN_COMMA = YES;
				CLANG_WARN_CONSTANT_CONVERSION = YES;
				CLANG_WARN_DEPRECATED_OBJC_IMPLEMENTATIONS = YES;
				CLANG_WARN_DIRECT_OBJC_ISA_USAGE = YES_ERROR;
				CLANG_WARN_DOCUMENTATION_COMMENTS = YES;
				CLANG_WARN_EMPTY_BODY = YES;
				CLANG_WARN_ENUM_CONVERSION = YES;
				CLANG_WARN_INFINITE_RECURSION = YES;
				CLANG_WARN_INT_CONVERSION = YES;
				CLANG_WARN_NON_LITERAL_NULL_CONVERSION = YES;
				CLANG_WARN_OBJC_IMPLICIT_RETAIN_SELF = YES;
				CLANG_WARN_OBJC_LITERAL_CONVERSION = YES;
				CLANG_WARN_OBJC_ROOT_CLASS = YES_ERROR;
				CLANG_WARN_QUOTED_INCLUDE_IN_FRAMEWORK_HEADER = YES;
				CLANG_WARN_RANGE_LOOP_ANALYSIS = YES;
				CLANG_WARN_STRICT_PROTOTYPES = YES;
				CLANG_WARN_SUSPICIOUS_MOVE = YES;
				CLANG_WARN_UNGUARDED_AVAILABILITY = YES_AGGRESSIVE;
				CLANG_WARN_UNREACHABLE_CODE = YES;
				CLANG_WARN__DUPLICATE_METHOD_MATCH = YES;
				COPY_PHASE_STRIP = NO;
				DEBUG_INFORMATION_FORMAT = dwarf;
				ENABLE_STRICT_OBJC_MSGSEND = YES;
				ENABLE_TESTABILITY = YES;
				ENABLE_USER_SCRIPT_SANDBOXING = YES;
				GCC_C_LANGUAGE_STANDARD = gnu17;
				GCC_DYNAMIC_NO_PIC = NO;
				GCC_NO_COMMON_BLOCKS = YES;
				GCC_OPTIMIZATION_LEVEL = 0;
				GCC_PREPROCESSOR_DEFINITIONS = (
					"DEBUG=1",
					"$(inherited)",
				);
				GCC_WARN_64_TO_32_BIT_CONVERSION = YES;
				GCC_WARN_ABOUT_RETURN_TYPE = YES_ERROR;
				GCC_WARN_UNDECLARED_SELECTOR = YES;
				GCC_WARN_UNINITIALIZED_AUTOS = YES_AGGRESSIVE;
				GCC_WARN_UNUSED_FUNCTION = YES;
				GCC_WARN_UNUSED_VARIABLE = YES;
				LOCALIZATION_PREFERS_STRING_CATALOGS = YES;
				MTL_ENABLE_DEBUG_INFO = INCLUDE_SOURCE;
				MTL_FAST_MATH = YES;
				ONLY_ACTIVE_ARCH = YES;
				SWIFT_ACTIVE_COMPILATION_CONDITIONS = "DEBUG $(inherited)";
				SWIFT_OPTIMIZATION_LEVEL = "-Onone";
			};
			name = Development;
		};
		AF76D9052F1C7C0A00B12345 /* Development */ = {
			isa = XCBuildConfiguration;
			baseConfigurationReference = AFD05F012F2A0A5000AAA001 /* Development.xcconfig */;
			buildSettings = {
				ASSETCATALOG_COMPILER_APPICON_NAME = AppIcon;
				ASSETCATALOG_COMPILER_GLOBAL_ACCENT_COLOR_NAME = AccentColor;
				CODE_SIGN_STYLE = Automatic;
				CURRENT_PROJECT_VERSION = 1;
				ENABLE_APP_SANDBOX = YES;
				ENABLE_PREVIEWS = YES;
				ENABLE_USER_SELECTED_FILES = readonly;
				GENERATE_INFOPLIST_FILE = YES;
				"INFOPLIST_KEY_UIApplicationSceneManifest_Generation[sdk=iphoneos*]" = YES;
				"INFOPLIST_KEY_UIApplicationSceneManifest_Generation[sdk=iphonesimulator*]" = YES;
				"INFOPLIST_KEY_UIApplicationSupportsIndirectInputEvents[sdk=iphoneos*]" = YES;
				"INFOPLIST_KEY_UIApplicationSupportsIndirectInputEvents[sdk=iphonesimulator*]" = YES;
				"INFOPLIST_KEY_UILaunchScreen_Generation[sdk=iphoneos*]" = YES;
				"INFOPLIST_KEY_UILaunchScreen_Generation[sdk=iphonesimulator*]" = YES;
				"INFOPLIST_KEY_UIStatusBarStyle[sdk=iphoneos*]" = UIStatusBarStyleDefault;
				"INFOPLIST_KEY_UIStatusBarStyle[sdk=iphonesimulator*]" = UIStatusBarStyleDefault;
				INFOPLIST_KEY_UISupportedInterfaceOrientations_iPad = "UIInterfaceOrientationPortrait UIInterfaceOrientationPortraitUpsideDown UIInterfaceOrientationLandscapeLeft UIInterfaceOrientationLandscapeRight";
				INFOPLIST_KEY_UISupportedInterfaceOrientations_iPhone = "UIInterfaceOrientationPortrait UIInterfaceOrientationLandscapeLeft UIInterfaceOrientationLandscapeRight";
				IPHONEOS_DEPLOYMENT_TARGET = 26.1;
				LD_RUNPATH_SEARCH_PATHS = "@executable_path/Frameworks";
				"LD_RUNPATH_SEARCH_PATHS[sdk=macosx*]" = "@executable_path/../Frameworks";
				MACOSX_DEPLOYMENT_TARGET = 26.1;
				MARKETING_VERSION = 1.0;
				PRODUCT_BUNDLE_IDENTIFIER = com.sangku.SwiftOpenAPIGeneratorExample;
				PRODUCT_NAME = "$(TARGET_NAME)";
				REGISTER_APP_GROUPS = YES;
				SDKROOT = auto;
				STRING_CATALOG_GENERATE_SYMBOLS = YES;
				SUPPORTED_PLATFORMS = "iphoneos iphonesimulator";
				SUPPORTS_MACCATALYST = NO;
				SWIFT_APPROACHABLE_CONCURRENCY = YES;
				SWIFT_DEFAULT_ACTOR_ISOLATION = MainActor;
				SWIFT_EMIT_LOC_STRINGS = YES;
				SWIFT_UPCOMING_FEATURE_MEMBER_IMPORT_VISIBILITY = YES;
				SWIFT_VERSION = 5.0;
				TARGETED_DEVICE_FAMILY = 1;
				XROS_DEPLOYMENT_TARGET = 26.1;
			};
			name = Development;
		};
/* End XCBuildConfiguration section */

/* Begin XCConfigurationList section */
		AD1920602EE93B24003D202B /* Build configuration list for PBXNativeTarget "SwiftOpenAPIGeneratorExampleTests" */ = {
			isa = XCConfigurationList;
			buildConfigurations = (
				AD1920622EE93B24003D202B /* Development */,
				AD1920632EE93B24003D202B /* Release */,
			);
			defaultConfigurationIsVisible = 0;
			defaultConfigurationName = Release;
		};
		AD3AB1232EE908BD00D5376D /* Build configuration list for PBXProject "SwiftOpenAPIGeneratorExample" */ = {
			isa = XCConfigurationList;
			buildConfigurations = (
				AF76D9042F1C7C0A00B12345 /* Development */,
				AD3AB1322EE908BF00D5376D /* Release */,
			);
			defaultConfigurationIsVisible = 0;
			defaultConfigurationName = Release;
		};
		AD3AB1332EE908BF00D5376D /* Build configuration list for PBXNativeTarget "SwiftOpenAPIGeneratorExample" */ = {
			isa = XCConfigurationList;
			buildConfigurations = (
				AF76D9052F1C7C0A00B12345 /* Development */,
				AD3AB1352EE908BF00D5376D /* Release */,
			);
			defaultConfigurationIsVisible = 0;
			defaultConfigurationName = Release;
		};
/* End XCConfigurationList section */

/* Begin XCLocalSwiftPackageReference section */
		AEF8F1002F5B000100000000 /* XCLocalSwiftPackageReference "Modules" */ = {
			isa = XCLocalSwiftPackageReference;
			relativePath = Modules;
		};
/* End XCLocalSwiftPackageReference section */

/* Begin XCRemoteSwiftPackageReference section */
		ADE47D8D2EE90A30000D20C2 /* XCRemoteSwiftPackageReference "swift-openapi-runtime" */ = {
			isa = XCRemoteSwiftPackageReference;
			repositoryURL = "https://github.com/apple/swift-openapi-runtime.git";
			requirement = {
				kind = upToNextMajorVersion;
				minimumVersion = 1.9.0;
			};
		};
		ADE47D902EE90ABD000D20C2 /* XCRemoteSwiftPackageReference "swift-openapi-urlsession" */ = {
			isa = XCRemoteSwiftPackageReference;
			repositoryURL = "https://github.com/apple/swift-openapi-urlsession.git";
			requirement = {
				kind = upToNextMajorVersion;
				minimumVersion = 1.2.0;
			};
		};
		ADE47DAF2EE90CF9000D20C2 /* XCRemoteSwiftPackageReference "swift-openapi-generator" */ = {
			isa = XCRemoteSwiftPackageReference;
			repositoryURL = "https://github.com/apple/swift-openapi-generator.git";
			requirement = {
				kind = upToNextMajorVersion;
				minimumVersion = 1.10.3;
			};
		};
		AE6C4E232EF0AA0000BEE000 /* XCRemoteSwiftPackageReference "swift-http-types" */ = {
			isa = XCRemoteSwiftPackageReference;
			repositoryURL = "https://github.com/apple/swift-http-types.git";
			requirement = {
				kind = upToNextMajorVersion;
				minimumVersion = 1.0.0;
			};
		};
/* End XCRemoteSwiftPackageReference section */

/* Begin XCSwiftPackageProductDependency section */
		AEF8F1012F5B000100000000 /* AppUI */ = {
			isa = XCSwiftPackageProductDependency;
			package = AEF8F1002F5B000100000000 /* XCLocalSwiftPackageReference "Modules" */;
			productName = AppUI;
		};
		AEF8F1032F5B000100000000 /* AppUI */ = {
			isa = XCSwiftPackageProductDependency;
			package = AEF8F1002F5B000100000000 /* XCLocalSwiftPackageReference "Modules" */;
			productName = AppUI;
		};
		AEF8F1042F5B000100000000 /* APIInfra */ = {
			isa = XCSwiftPackageProductDependency;
			package = AEF8F1002F5B000100000000 /* XCLocalSwiftPackageReference "Modules" */;
			productName = APIInfra;
		};
/* End XCSwiftPackageProductDependency section */
	};
	rootObject = AD3AB1202EE908BD00D5376D /* Project object */;
}
